
Microsoft Visual Studio Solution File, Format Version 12.00
# Visual Studio Version 16
VisualStudioVersion = 16.0.31729.503
MinimumVisualStudioVersion = 10.0.40219.1
Project("{FAE04EC0-301F-11D3-BF4B-00C04F79EFBC}") = "Calculador", "Calculador\Calculador.csproj", "{27996750-3382-4623-98ED-3AFB23968FA4}"
EndProject
Global
	GlobalSection(SolutionConfigurationPlatforms) = preSolution
		Debug|Any CPU = Debug|Any CPU
		Release|Any CPU = Release|Any CPU
	EndGlobalSection
	GlobalSection(ProjectConfigurationPlatforms) = postSolution
		{27996750-3382-4623-98ED-3AFB23968FA4}.Debug|Any CPU.ActiveCfg = Debug|Any CPU
		{27996750-3382-4623-98ED-3AFB23968FA4}.Debug|Any CPU.Build.0 = Debug|Any CPU
		{27996750-3382-4623-98ED-3AFB23968FA4}.Release|Any CPU.ActiveCfg = Release|Any CPU
		{27996750-3382-4623-98ED-3AFB23968FA4}.Release|Any CPU.Build.0 = Release|Any CPU
	EndGlobalSection
	GlobalSection(SolutionProperties) = preSolution
		HideSolutionNode = FALSE
	EndGlobalSection
	GlobalSection(ExtensibilityGlobals) = postSolution
		SolutionGuid = {CEE59488-661A-476F-9C8C-15CA385E30D0}
	EndGlobalSection
EndGlobal
